
Microsoft Visual Studio Solution File, Format Version 12.00
# Visual Studio Version 17
VisualStudioVersion = 17.14.36414.22 d17.14
MinimumVisualStudioVersion = 10.0.40219.1
Project("{FAE04EC0-301F-11D3-BF4B-00C04F79EFBC}") = "Pila", "Pila.csproj", "{0D833C5D-33AC-4BE0-9214-DE609ED4CF26}"
EndProject
Global
	GlobalSection(SolutionConfigurationPlatforms) = preSolution
		Debug|Any CPU = Debug|Any CPU
		Release|Any CPU = Release|Any CPU
	EndGlobalSection
	GlobalSection(ProjectConfigurationPlatforms) = postSolution
		{0D833C5D-33AC-4BE0-9214-DE609ED4CF26}.Debug|Any CPU.ActiveCfg = Debug|Any CPU
		{0D833C5D-33AC-4BE0-9214-DE609ED4CF26}.Debug|Any CPU.Build.0 = Debug|Any CPU
		{0D833C5D-33AC-4BE0-9214-DE609ED4CF26}.Release|Any CPU.ActiveCfg = Release|Any CPU
		{0D833C5D-33AC-4BE0-9214-DE609ED4CF26}.Release|Any CPU.Build.0 = Release|Any CPU
	EndGlobalSection
	GlobalSection(SolutionProperties) = preSolution
		HideSolutionNode = FALSE
	EndGlobalSection
	GlobalSection(ExtensibilityGlobals) = postSolution
		SolutionGuid = {ACD81329-BEBB-4373-AC15-401B4A8847DF}
	EndGlobalSection
EndGlobal
